
Microsoft Visual Studio Solution File, Format Version 12.00
# Visual Studio 15
VisualStudioVersion = 15.0.28307.572
MinimumVisualStudioVersion = 10.0.40219.1
Project("{8BC9CEB8-8B4A-11D0-8D11-00A0C91BC942}") = "line_characteristic_calculator", "line_characteristic_calculator\line_characteristic_calculator.vcxproj", "{C50636F7-8C48-4870-A2D0-B5ACE4E19EED}"
EndProject
Global
	GlobalSection(SolutionConfigurationPlatforms) = preSolution
		Debug|ARM = Debug|ARM
		Debug|ARM64 = Debug|ARM64
		Debug|x64 = Debug|x64
		Debug|x86 = Debug|x86
		Release|ARM = Release|ARM
		Release|ARM64 = Release|ARM64
		Release|x64 = Release|x64
		Release|x86 = Release|x86
	EndGlobalSection
	GlobalSection(ProjectConfigurationPlatforms) = postSolution
		{C50636F7-8C48-4870-A2D0-B5ACE4E19EED}.Debug|ARM.ActiveCfg = Debug|ARM
		{C50636F7-8C48-4870-A2D0-B5ACE4E19EED}.Debug|ARM.Build.0 = Debug|ARM
		{C50636F7-8C48-4870-A2D0-B5ACE4E19EED}.Debug|ARM.Deploy.0 = Debug|ARM
		{C50636F7-8C48-4870-A2D0-B5ACE4E19EED}.Debug|ARM64.ActiveCfg = Debug|ARM64
		{C50636F7-8C48-4870-A2D0-B5ACE4E19EED}.Debug|ARM64.Build.0 = Debug|ARM64
		{C50636F7-8C48-4870-A2D0-B5ACE4E19EED}.Debug|ARM64.Deploy.0 = Debug|ARM64
		{C50636F7-8C48-4870-A2D0-B5ACE4E19EED}.Debug|x64.ActiveCfg = Debug|x64
		{C50636F7-8C48-4870-A2D0-B5ACE4E19EED}.Debug|x64.Build.0 = Debug|x64
		{C50636F7-8C48-4870-A2D0-B5ACE4E19EED}.Debug|x64.Deploy.0 = Debug|x64
		{C50636F7-8C48-4870-A2D0-B5ACE4E19EED}.Debug|x86.ActiveCfg = Debug|Win32
		{C50636F7-8C48-4870-A2D0-B5ACE4E19EED}.Debug|x86.Build.0 = Debug|Win32
		{C50636F7-8C48-4870-A2D0-B5ACE4E19EED}.Debug|x86.Deploy.0 = Debug|Win32
		{C50636F7-8C48-4870-A2D0-B5ACE4E19EED}.Release|ARM.ActiveCfg = Release|ARM
		{C50636F7-8C48-4870-A2D0-B5ACE4E19EED}.Release|ARM.Build.0 = Release|ARM
		{C50636F7-8C48-4870-A2D0-B5ACE4E19EED}.Release|ARM.Deploy.0 = Release|ARM
		{C50636F7-8C48-4870-A2D0-B5ACE4E19EED}.Release|ARM64.ActiveCfg = Release|ARM64
		{C50636F7-8C48-4870-A2D0-B5ACE4E19EED}.Release|ARM64.Build.0 = Release|ARM64
		{C50636F7-8C48-4870-A2D0-B5ACE4E19EED}.Release|ARM64.Deploy.0 = Release|ARM64
		{C50636F7-8C48-4870-A2D0-B5ACE4E19EED}.Release|x64.ActiveCfg = Release|x64
		{C50636F7-8C48-4870-A2D0-B5ACE4E19EED}.Release|x64.Build.0 = Release|x64
		{C50636F7-8C48-4870-A2D0-B5ACE4E19EED}.Release|x64.Deploy.0 = Release|x64
		{C50636F7-8C48-4870-A2D0-B5ACE4E19EED}.Release|x86.ActiveCfg = Release|Win32
		{C50636F7-8C48-4870-A2D0-B5ACE4E19EED}.Release|x86.Build.0 = Release|Win32
		{C50636F7-8C48-4870-A2D0-B5ACE4E19EED}.Release|x86.Deploy.0 = Release|Win32
	EndGlobalSection
	GlobalSection(SolutionProperties) = preSolution
		HideSolutionNode = FALSE
	EndGlobalSection
	GlobalSection(ExtensibilityGlobals) = postSolution
		SolutionGuid = {7E1F31F9-FDFC-41B5-8AE9-E3F411108144}
	EndGlobalSection
EndGlobal
